// !$*UTF8*$!
{
	archiveVersion = 1;
	classes = {
	};
	objectVersion = 55;
	objects = {

/* Begin PBXBuildFile section */
		456C4E702AFCCEE000C883B4 /* ArticleModel.xcdatamodeld in Sources */ = {isa = PBXBuildFile; fileRef = 456C4E6E2AFCCEE000C883B4 /* ArticleModel.xcdatamodeld */; };
		456C4E722AFCD52F00C883B4 /* DataController.swift in Sources */ = {isa = PBXBuildFile; fileRef = 456C4E712AFCD52F00C883B4 /* DataController.swift */; };
		456C4E782AFCF9CE00C883B4 /* Reachability.swift in Sources */ = {isa = PBXBuildFile; fileRef = 456C4E772AFCF9CE00C883B4 /* Reachability.swift */; };
		456C4E7B2AFD082C00C883B4 /* DataPersistenceManager.swift in Sources */ = {isa = PBXBuildFile; fileRef = 456C4E7A2AFD082C00C883B4 /* DataPersistenceManager.swift */; };
		45CB43E52AFB679E00ABA00C /* NewsDetailViewController.swift in Sources */ = {isa = PBXBuildFile; fileRef = 45CB43E42AFB679E00ABA00C /* NewsDetailViewController.swift */; };
		45CB43E62AFB679E00ABA00C /* NewsDetailViewController.swift in Sources */ = {isa = PBXBuildFile; fileRef = 45CB43E42AFB679E00ABA00C /* NewsDetailViewController.swift */; };
		45CB43E72AFB679E00ABA00C /* NewsDetailViewController.swift in Sources */ = {isa = PBXBuildFile; fileRef = 45CB43E42AFB679E00ABA00C /* NewsDetailViewController.swift */; };
		45CB43EE2AFB97A500ABA00C /* NewsTableViewCell.swift in Sources */ = {isa = PBXBuildFile; fileRef = 45CB43EC2AFB97A500ABA00C /* NewsTableViewCell.swift */; };
		45CB43EF2AFB97A500ABA00C /* NewsTableViewCell.xib in Resources */ = {isa = PBXBuildFile; fileRef = 45CB43ED2AFB97A500ABA00C /* NewsTableViewCell.xib */; };
		45CB43F22AFBB67E00ABA00C /* Constants.swift in Sources */ = {isa = PBXBuildFile; fileRef = 45CB43F12AFBB67E00ABA00C /* Constants.swift */; };
		45CB43F52AFBBC5C00ABA00C /* UITableView+Extensions.swift in Sources */ = {isa = PBXBuildFile; fileRef = 45CB43F42AFBBC5C00ABA00C /* UITableView+Extensions.swift */; };
		45CB43F72AFBBC8400ABA00C /* NSObject+Extension.swift in Sources */ = {isa = PBXBuildFile; fileRef = 45CB43F62AFBBC8400ABA00C /* NSObject+Extension.swift */; };
		45CB43FA2AFBC0F000ABA00C /* IQKeyboardManagerSwift in Frameworks */ = {isa = PBXBuildFile; productRef = 45CB43F92AFBC0F000ABA00C /* IQKeyboardManagerSwift */; };
		45CB44012AFBE8F100ABA00C /* UIViewController+showAlert.swift in Sources */ = {isa = PBXBuildFile; fileRef = 45CB44002AFBE8F100ABA00C /* UIViewController+showAlert.swift */; };
		45D0E45F2B30A43500F0DBF1 /* NewsListPresenter.swift in Sources */ = {isa = PBXBuildFile; fileRef = 45D0E45E2B30A43500F0DBF1 /* NewsListPresenter.swift */; };
		45D0E4652B35CE1A00F0DBF1 /* NewsListRouter.swift in Sources */ = {isa = PBXBuildFile; fileRef = 45D0E4642B35CE1A00F0DBF1 /* NewsListRouter.swift */; };
		45D0E4672B35DA0400F0DBF1 /* NewsDetailPresenter.swift in Sources */ = {isa = PBXBuildFile; fileRef = 45D0E4662B35DA0400F0DBF1 /* NewsDetailPresenter.swift */; };
		45DB63162AFA836800ACF1AA /* AppDelegate.swift in Sources */ = {isa = PBXBuildFile; fileRef = 45DB63152AFA836800ACF1AA /* AppDelegate.swift */; };
		45DB63182AFA836800ACF1AA /* SceneDelegate.swift in Sources */ = {isa = PBXBuildFile; fileRef = 45DB63172AFA836800ACF1AA /* SceneDelegate.swift */; };
		45DB631A2AFA836800ACF1AA /* NewsListViewController.swift in Sources */ = {isa = PBXBuildFile; fileRef = 45DB63192AFA836800ACF1AA /* NewsListViewController.swift */; };
		45DB631D2AFA836800ACF1AA /* Main.storyboard in Resources */ = {isa = PBXBuildFile; fileRef = 45DB631B2AFA836800ACF1AA /* Main.storyboard */; };
		45DB631F2AFA836900ACF1AA /* Assets.xcassets in Resources */ = {isa = PBXBuildFile; fileRef = 45DB631E2AFA836900ACF1AA /* Assets.xcassets */; };
		45DB63222AFA836900ACF1AA /* LaunchScreen.storyboard in Resources */ = {isa = PBXBuildFile; fileRef = 45DB63202AFA836900ACF1AA /* LaunchScreen.storyboard */; };
		45DB632D2AFA836900ACF1AA /* NewsAppTests.swift in Sources */ = {isa = PBXBuildFile; fileRef = 45DB632C2AFA836900ACF1AA /* NewsAppTests.swift */; };
		45DB63372AFA836900ACF1AA /* NewsAppUITests.swift in Sources */ = {isa = PBXBuildFile; fileRef = 45DB63362AFA836900ACF1AA /* NewsAppUITests.swift */; };
		45DB63392AFA836900ACF1AA /* NewsAppUITestsLaunchTests.swift in Sources */ = {isa = PBXBuildFile; fileRef = 45DB63382AFA836900ACF1AA /* NewsAppUITestsLaunchTests.swift */; };
		45DB634A2AFA946F00ACF1AA /* NewsClient.swift in Sources */ = {isa = PBXBuildFile; fileRef = 45DB63492AFA946F00ACF1AA /* NewsClient.swift */; };
		45DB634C2AFA994300ACF1AA /* NewsResponse.swift in Sources */ = {isa = PBXBuildFile; fileRef = 45DB634B2AFA994300ACF1AA /* NewsResponse.swift */; };
		45DB634D2AFA994300ACF1AA /* NewsResponse.swift in Sources */ = {isa = PBXBuildFile; fileRef = 45DB634B2AFA994300ACF1AA /* NewsResponse.swift */; };
		45DB634E2AFA994300ACF1AA /* NewsResponse.swift in Sources */ = {isa = PBXBuildFile; fileRef = 45DB634B2AFA994300ACF1AA /* NewsResponse.swift */; };
/* End PBXBuildFile section */

/* Begin PBXContainerItemProxy section */
		45DB63292AFA836900ACF1AA /* PBXContainerItemProxy */ = {
			isa = PBXContainerItemProxy;
			containerPortal = 45DB630A2AFA836700ACF1AA /* Project object */;
			proxyType = 1;
			remoteGlobalIDString = 45DB63112AFA836800ACF1AA;
			remoteInfo = NewsApp;
		};
		45DB63332AFA836900ACF1AA /* PBXContainerItemProxy */ = {
			isa = PBXContainerItemProxy;
			containerPortal = 45DB630A2AFA836700ACF1AA /* Project object */;
			proxyType = 1;
			remoteGlobalIDString = 45DB63112AFA836800ACF1AA;
			remoteInfo = NewsApp;
		};
/* End PBXContainerItemProxy section */

/* Begin PBXFileReference section */
		456C4E6F2AFCCEE000C883B4 /* ArticleModel.xcdatamodel */ = {isa = PBXFileReference; lastKnownFileType = wrapper.xcdatamodel; path = ArticleModel.xcdatamodel; sourceTree = "<group>"; };
		456C4E712AFCD52F00C883B4 /* DataController.swift */ = {isa = PBXFileReference; lastKnownFileType = sourcecode.swift; path = DataController.swift; sourceTree = "<group>"; };
		456C4E772AFCF9CE00C883B4 /* Reachability.swift */ = {isa = PBXFileReference; lastKnownFileType = sourcecode.swift; path = Reachability.swift; sourceTree = "<group>"; };
		456C4E7A2AFD082C00C883B4 /* DataPersistenceManager.swift */ = {isa = PBXFileReference; lastKnownFileType = sourcecode.swift; path = DataPersistenceManager.swift; sourceTree = "<group>"; };
		45CB43E42AFB679E00ABA00C /* NewsDetailViewController.swift */ = {isa = PBXFileReference; lastKnownFileType = sourcecode.swift; path = NewsDetailViewController.swift; sourceTree = "<group>"; };
		45CB43EC2AFB97A500ABA00C /* NewsTableViewCell.swift */ = {isa = PBXFileReference; lastKnownFileType = sourcecode.swift; path = NewsTableViewCell.swift; sourceTree = "<group>"; };
		45CB43ED2AFB97A500ABA00C /* NewsTableViewCell.xib */ = {isa = PBXFileReference; lastKnownFileType = file.xib; path = NewsTableViewCell.xib; sourceTree = "<group>"; };
		45CB43F12AFBB67E00ABA00C /* Constants.swift */ = {isa = PBXFileReference; lastKnownFileType = sourcecode.swift; path = Constants.swift; sourceTree = "<group>"; };
		45CB43F42AFBBC5C00ABA00C /* UITableView+Extensions.swift */ = {isa = PBXFileReference; lastKnownFileType = sourcecode.swift; path = "UITableView+Extensions.swift"; sourceTree = "<group>"; };
		45CB43F62AFBBC8400ABA00C /* NSObject+Extension.swift */ = {isa = PBXFileReference; lastKnownFileType = sourcecode.swift; path = "NSObject+Extension.swift"; sourceTree = "<group>"; };
		45CB44002AFBE8F100ABA00C /* UIViewController+showAlert.swift */ = {isa = PBXFileReference; fileEncoding = 4; lastKnownFileType = sourcecode.swift; path = "UIViewController+showAlert.swift"; sourceTree = "<group>"; };
		45D0E45E2B30A43500F0DBF1 /* NewsListPresenter.swift */ = {isa = PBXFileReference; lastKnownFileType = sourcecode.swift; path = NewsListPresenter.swift; sourceTree = "<group>"; };
		45D0E4642B35CE1A00F0DBF1 /* NewsListRouter.swift */ = {isa = PBXFileReference; lastKnownFileType = sourcecode.swift; path = NewsListRouter.swift; sourceTree = "<group>"; };
		45D0E4662B35DA0400F0DBF1 /* NewsDetailPresenter.swift */ = {isa = PBXFileReference; lastKnownFileType = sourcecode.swift; path = NewsDetailPresenter.swift; sourceTree = "<group>"; };
		45DB63122AFA836800ACF1AA /* NewsApp.app */ = {isa = PBXFileReference; explicitFileType = wrapper.application; includeInIndex = 0; path = NewsApp.app; sourceTree = BUILT_PRODUCTS_DIR; };
		45DB63152AFA836800ACF1AA /* AppDelegate.swift */ = {isa = PBXFileReference; lastKnownFileType = sourcecode.swift; path = AppDelegate.swift; sourceTree = "<group>"; };
		45DB63172AFA836800ACF1AA /* SceneDelegate.swift */ = {isa = PBXFileReference; lastKnownFileType = sourcecode.swift; path = SceneDelegate.swift; sourceTree = "<group>"; };
		45DB63192AFA836800ACF1AA /* NewsListViewController.swift */ = {isa = PBXFileReference; lastKnownFileType = sourcecode.swift; path = NewsListViewController.swift; sourceTree = "<group>"; };
		45DB631C2AFA836800ACF1AA /* Base */ = {isa = PBXFileReference; lastKnownFileType = file.storyboard; name = Base; path = Base.lproj/Main.storyboard; sourceTree = "<group>"; };
		45DB631E2AFA836900ACF1AA /* Assets.xcassets */ = {isa = PBXFileReference; lastKnownFileType = folder.assetcatalog; path = Assets.xcassets; sourceTree = "<group>"; };
		45DB63212AFA836900ACF1AA /* Base */ = {isa = PBXFileReference; lastKnownFileType = file.storyboard; name = Base; path = Base.lproj/LaunchScreen.storyboard; sourceTree = "<group>"; };
		45DB63232AFA836900ACF1AA /* Info.plist */ = {isa = PBXFileReference; lastKnownFileType = text.plist.xml; path = Info.plist; sourceTree = "<group>"; };
		45DB63282AFA836900ACF1AA /* NewsAppTests.xctest */ = {isa = PBXFileReference; explicitFileType = wrapper.cfbundle; includeInIndex = 0; path = NewsAppTests.xctest; sourceTree = BUILT_PRODUCTS_DIR; };
		45DB632C2AFA836900ACF1AA /* NewsAppTests.swift */ = {isa = PBXFileReference; lastKnownFileType = sourcecode.swift; path = NewsAppTests.swift; sourceTree = "<group>"; };
		45DB63322AFA836900ACF1AA /* NewsAppUITests.xctest */ = {isa = PBXFileReference; explicitFileType = wrapper.cfbundle; includeInIndex = 0; path = NewsAppUITests.xctest; sourceTree = BUILT_PRODUCTS_DIR; };
		45DB63362AFA836900ACF1AA /* NewsAppUITests.swift */ = {isa = PBXFileReference; lastKnownFileType = sourcecode.swift; path = NewsAppUITests.swift; sourceTree = "<group>"; };
		45DB63382AFA836900ACF1AA /* NewsAppUITestsLaunchTests.swift */ = {isa = PBXFileReference; lastKnownFileType = sourcecode.swift; path = NewsAppUITestsLaunchTests.swift; sourceTree = "<group>"; };
		45DB63492AFA946F00ACF1AA /* NewsClient.swift */ = {isa = PBXFileReference; lastKnownFileType = sourcecode.swift; path = NewsClient.swift; sourceTree = "<group>"; };
		45DB634B2AFA994300ACF1AA /* NewsResponse.swift */ = {isa = PBXFileReference; lastKnownFileType = sourcecode.swift; path = NewsResponse.swift; sourceTree = "<group>"; };
/* End PBXFileReference section */

/* Begin PBXFrameworksBuildPhase section */
		45DB630F2AFA836800ACF1AA /* Frameworks */ = {
			isa = PBXFrameworksBuildPhase;
			buildActionMask = 2147483647;
			files = (
				45CB43FA2AFBC0F000ABA00C /* IQKeyboardManagerSwift in Frameworks */,
			);
			runOnlyForDeploymentPostprocessing = 0;
		};
		45DB63252AFA836900ACF1AA /* Frameworks */ = {
			isa = PBXFrameworksBuildPhase;
			buildActionMask = 2147483647;
			files = (
			);
			runOnlyForDeploymentPostprocessing = 0;
		};
		45DB632F2AFA836900ACF1AA /* Frameworks */ = {
			isa = PBXFrameworksBuildPhase;
			buildActionMask = 2147483647;
			files = (
			);
			runOnlyForDeploymentPostprocessing = 0;
		};
/* End PBXFrameworksBuildPhase section */

/* Begin PBXGroup section */
		456C4E792AFD035200C883B4 /* DataPersistence */ = {
			isa = PBXGroup;
			children = (
				456C4E6E2AFCCEE000C883B4 /* ArticleModel.xcdatamodeld */,
				456C4E712AFCD52F00C883B4 /* DataController.swift */,
				456C4E7A2AFD082C00C883B4 /* DataPersistenceManager.swift */,
			);
			path = DataPersistence;
			sourceTree = "<group>";
		};
		45CB43F02AFB97B800ABA00C /* NewsTableViewCell */ = {
			isa = PBXGroup;
			children = (
				45CB43EC2AFB97A500ABA00C /* NewsTableViewCell.swift */,
				45CB43ED2AFB97A500ABA00C /* NewsTableViewCell.xib */,
			);
			path = NewsTableViewCell;
			sourceTree = "<group>";
		};
		45CB43F32AFBBC4300ABA00C /* Extensions */ = {
			isa = PBXGroup;
			children = (
				45CB43F42AFBBC5C00ABA00C /* UITableView+Extensions.swift */,
				45CB43F62AFBBC8400ABA00C /* NSObject+Extension.swift */,
				45CB44002AFBE8F100ABA00C /* UIViewController+showAlert.swift */,
			);
			path = Extensions;
			sourceTree = "<group>";
		};
		45D0E4682B35E86A00F0DBF1 /* Feature */ = {
			isa = PBXGroup;
			children = (
				45D0E4692B35E8B600F0DBF1 /* NewsList */,
			);
			path = Feature;
			sourceTree = "<group>";
		};
		45D0E4692B35E8B600F0DBF1 /* NewsList */ = {
			isa = PBXGroup;
			children = (
				45DB63192AFA836800ACF1AA /* NewsListViewController.swift */,
				45D0E45E2B30A43500F0DBF1 /* NewsListPresenter.swift */,
				45D0E4642B35CE1A00F0DBF1 /* NewsListRouter.swift */,
			);
			path = NewsList;
			sourceTree = "<group>";
		};
		45DB63092AFA836700ACF1AA = {
			isa = PBXGroup;
			children = (
				45DB63142AFA836800ACF1AA /* NewsApp */,
				45DB632B2AFA836900ACF1AA /* NewsAppTests */,
				45DB63352AFA836900ACF1AA /* NewsAppUITests */,
				45DB63132AFA836800ACF1AA /* Products */,
			);
			sourceTree = "<group>";
		};
		45DB63132AFA836800ACF1AA /* Products */ = {
			isa = PBXGroup;
			children = (
				45DB63122AFA836800ACF1AA /* NewsApp.app */,
				45DB63282AFA836900ACF1AA /* NewsAppTests.xctest */,
				45DB63322AFA836900ACF1AA /* NewsAppUITests.xctest */,
			);
			name = Products;
			sourceTree = "<group>";
		};
		45DB63142AFA836800ACF1AA /* NewsApp */ = {
			isa = PBXGroup;
			children = (
				45D0E4682B35E86A00F0DBF1 /* Feature */,
				45DB63532AFAC03B00ACF1AA /* Common */,
				45CB43F32AFBBC4300ABA00C /* Extensions */,
				45DB63572AFAC09D00ACF1AA /* Networking */,
				456C4E792AFD035200C883B4 /* DataPersistence */,
				45DB63562AFAC08D00ACF1AA /* Model */,
				45DB63542AFAC05500ACF1AA /* View */,
				45DB63552AFAC07C00ACF1AA /* Presenter */,
			);
			path = NewsApp;
			sourceTree = "<group>";
		};
		45DB632B2AFA836900ACF1AA /* NewsAppTests */ = {
			isa = PBXGroup;
			children = (
				45DB632C2AFA836900ACF1AA /* NewsAppTests.swift */,
			);
			path = NewsAppTests;
			sourceTree = "<group>";
		};
		45DB63352AFA836900ACF1AA /* NewsAppUITests */ = {
			isa = PBXGroup;
			children = (
				45DB63362AFA836900ACF1AA /* NewsAppUITests.swift */,
				45DB63382AFA836900ACF1AA /* NewsAppUITestsLaunchTests.swift */,
			);
			path = NewsAppUITests;
			sourceTree = "<group>";
		};
		45DB63532AFAC03B00ACF1AA /* Common */ = {
			isa = PBXGroup;
			children = (
				45DB63152AFA836800ACF1AA /* AppDelegate.swift */,
				45DB63172AFA836800ACF1AA /* SceneDelegate.swift */,
				45DB631E2AFA836900ACF1AA /* Assets.xcassets */,
				45DB63232AFA836900ACF1AA /* Info.plist */,
				45CB43F12AFBB67E00ABA00C /* Constants.swift */,
			);
			path = Common;
			sourceTree = "<group>";
		};
		45DB63542AFAC05500ACF1AA /* View */ = {
			isa = PBXGroup;
			children = (
				45CB43F02AFB97B800ABA00C /* NewsTableViewCell */,
				45DB631B2AFA836800ACF1AA /* Main.storyboard */,
				45DB63202AFA836900ACF1AA /* LaunchScreen.storyboard */,
			);
			path = View;
			sourceTree = "<group>";
		};
		45DB63552AFAC07C00ACF1AA /* Presenter */ = {
			isa = PBXGroup;
			children = (
				45CB43E42AFB679E00ABA00C /* NewsDetailViewController.swift */,
				45D0E4662B35DA0400F0DBF1 /* NewsDetailPresenter.swift */,
			);
			path = Presenter;
			sourceTree = "<group>";
		};
		45DB63562AFAC08D00ACF1AA /* Model */ = {
			isa = PBXGroup;
			children = (
				45DB634B2AFA994300ACF1AA /* NewsResponse.swift */,
			);
			path = Model;
			sourceTree = "<group>";
		};
		45DB63572AFAC09D00ACF1AA /* Networking */ = {
			isa = PBXGroup;
			children = (
				456C4E772AFCF9CE00C883B4 /* Reachability.swift */,
				45DB63492AFA946F00ACF1AA /* NewsClient.swift */,
			);
			path = Networking;
			sourceTree = "<group>";
		};
/* End PBXGroup section */

/* Begin PBXNativeTarget section */
		45DB63112AFA836800ACF1AA /* NewsApp */ = {
			isa = PBXNativeTarget;
			buildConfigurationList = 45DB633C2AFA836900ACF1AA /* Build configuration list for PBXNativeTarget "NewsApp" */;
			buildPhases = (
				45DB630E2AFA836800ACF1AA /* Sources */,
				45DB630F2AFA836800ACF1AA /* Frameworks */,
				45DB63102AFA836800ACF1AA /* Resources */,
			);
			buildRules = (
			);
			dependencies = (
			);
			name = NewsApp;
			packageProductDependencies = (
				45CB43F92AFBC0F000ABA00C /* IQKeyboardManagerSwift */,
			);
			productName = NewsApp;
			productReference = 45DB63122AFA836800ACF1AA /* NewsApp.app */;
			productType = "com.apple.product-type.application";
		};
		45DB63272AFA836900ACF1AA /* NewsAppTests */ = {
			isa = PBXNativeTarget;
			buildConfigurationList = 45DB633F2AFA836900ACF1AA /* Build configuration list for PBXNativeTarget "NewsAppTests" */;
			buildPhases = (
				45DB63242AFA836900ACF1AA /* Sources */,
				45DB63252AFA836900ACF1AA /* Frameworks */,
				45DB63262AFA836900ACF1AA /* Resources */,
			);
			buildRules = (
			);
			dependencies = (
				45DB632A2AFA836900ACF1AA /* PBXTargetDependency */,
			);
			name = NewsAppTests;
			productName = NewsAppTests;
			productReference = 45DB63282AFA836900ACF1AA /* NewsAppTests.xctest */;
			productType = "com.apple.product-type.bundle.unit-test";
		};
		45DB63312AFA836900ACF1AA /* NewsAppUITests */ = {
			isa = PBXNativeTarget;
			buildConfigurationList = 45DB63422AFA836900ACF1AA /* Build configuration list for PBXNativeTarget "NewsAppUITests" */;
			buildPhases = (
				45DB632E2AFA836900ACF1AA /* Sources */,
				45DB632F2AFA836900ACF1AA /* Frameworks */,
				45DB63302AFA836900ACF1AA /* Resources */,
			);
			buildRules = (
			);
			dependencies = (
				45DB63342AFA836900ACF1AA /* PBXTargetDependency */,
			);
			name = NewsAppUITests;
			productName = NewsAppUITests;
			productReference = 45DB63322AFA836900ACF1AA /* NewsAppUITests.xctest */;
			productType = "com.apple.product-type.bundle.ui-testing";
		};
/* End PBXNativeTarget section */

/* Begin PBXProject section */
		45DB630A2AFA836700ACF1AA /* Project object */ = {
			isa = PBXProject;
			attributes = {
				BuildIndependentTargetsInParallel = 1;
				LastSwiftUpdateCheck = 1320;
				LastUpgradeCheck = 1320;
				TargetAttributes = {
					45DB63112AFA836800ACF1AA = {
						CreatedOnToolsVersion = 13.2.1;
					};
					45DB63272AFA836900ACF1AA = {
						CreatedOnToolsVersion = 13.2.1;
						TestTargetID = 45DB63112AFA836800ACF1AA;
					};
					45DB63312AFA836900ACF1AA = {
						CreatedOnToolsVersion = 13.2.1;
						TestTargetID = 45DB63112AFA836800ACF1AA;
					};
				};
			};
			buildConfigurationList = 45DB630D2AFA836700ACF1AA /* Build configuration list for PBXProject "NewsApp" */;
			compatibilityVersion = "Xcode 13.0";
			developmentRegion = en;
			hasScannedForEncodings = 0;
			knownRegions = (
				en,
				Base,
			);
			mainGroup = 45DB63092AFA836700ACF1AA;
			packageReferences = (
				45CB43F82AFBC0F000ABA00C /* XCRemoteSwiftPackageReference "IQKeyboardManager" */,
			);
			productRefGroup = 45DB63132AFA836800ACF1AA /* Products */;
			projectDirPath = "";
			projectRoot = "";
			targets = (
				45DB63112AFA836800ACF1AA /* NewsApp */,
				45DB63272AFA836900ACF1AA /* NewsAppTests */,
				45DB63312AFA836900ACF1AA /* NewsAppUITests */,
			);
		};
/* End PBXProject section */

/* Begin PBXResourcesBuildPhase section */
		45DB63102AFA836800ACF1AA /* Resources */ = {
			isa = PBXResourcesBuildPhase;
			buildActionMask = 2147483647;
			files = (
				45DB63222AFA836900ACF1AA /* LaunchScreen.storyboard in Resources */,
				45DB631F2AFA836900ACF1AA /* Assets.xcassets in Resources */,
				45CB43EF2AFB97A500ABA00C /* NewsTableViewCell.xib in Resources */,
				45DB631D2AFA836800ACF1AA /* Main.storyboard in Resources */,
			);
			runOnlyForDeploymentPostprocessing = 0;
		};
		45DB63262AFA836900ACF1AA /* Resources */ = {
			isa = PBXResourcesBuildPhase;
			buildActionMask = 2147483647;
			files = (
			);
			runOnlyForDeploymentPostprocessing = 0;
		};
		45DB63302AFA836900ACF1AA /* Resources */ = {
			isa = PBXResourcesBuildPhase;
			buildActionMask = 2147483647;
			files = (
			);
			runOnlyForDeploymentPostprocessing = 0;
		};
/* End PBXResourcesBuildPhase section */

/* Begin PBXSourcesBuildPhase section */
		45DB630E2AFA836800ACF1AA /* Sources */ = {
			isa = PBXSourcesBuildPhase;
			buildActionMask = 2147483647;
			files = (
				456C4E782AFCF9CE00C883B4 /* Reachability.swift in Sources */,
				45CB43F52AFBBC5C00ABA00C /* UITableView+Extensions.swift in Sources */,
				45D0E4672B35DA0400F0DBF1 /* NewsDetailPresenter.swift in Sources */,
				45CB43E52AFB679E00ABA00C /* NewsDetailViewController.swift in Sources */,
				45D0E45F2B30A43500F0DBF1 /* NewsListPresenter.swift in Sources */,
				45CB43EE2AFB97A500ABA00C /* NewsTableViewCell.swift in Sources */,
				45DB631A2AFA836800ACF1AA /* NewsListViewController.swift in Sources */,
				45D0E4652B35CE1A00F0DBF1 /* NewsListRouter.swift in Sources */,
				45DB634C2AFA994300ACF1AA /* NewsResponse.swift in Sources */,
				45CB43F72AFBBC8400ABA00C /* NSObject+Extension.swift in Sources */,
				456C4E702AFCCEE000C883B4 /* ArticleModel.xcdatamodeld in Sources */,
				45DB63162AFA836800ACF1AA /* AppDelegate.swift in Sources */,
				456C4E7B2AFD082C00C883B4 /* DataPersistenceManager.swift in Sources */,
				45DB63182AFA836800ACF1AA /* SceneDelegate.swift in Sources */,
				45DB634A2AFA946F00ACF1AA /* NewsClient.swift in Sources */,
				45CB43F22AFBB67E00ABA00C /* Constants.swift in Sources */,
				456C4E722AFCD52F00C883B4 /* DataController.swift in Sources */,
				45CB44012AFBE8F100ABA00C /* UIViewController+showAlert.swift in Sources */,
			);
			runOnlyForDeploymentPostprocessing = 0;
		};
		45DB63242AFA836900ACF1AA /* Sources */ = {
			isa = PBXSourcesBuildPhase;
			buildActionMask = 2147483647;
			files = (
				45CB43E62AFB679E00ABA00C /* NewsDetailViewController.swift in Sources */,
				45DB632D2AFA836900ACF1AA /* NewsAppTests.swift in Sources */,
				45DB634D2AFA994300ACF1AA /* NewsResponse.swift in Sources */,
			);
			runOnlyForDeploymentPostprocessing = 0;
		};
		45DB632E2AFA836900ACF1AA /* Sources */ = {
			isa = PBXSourcesBuildPhase;
			buildActionMask = 2147483647;
			files = (
				45CB43E72AFB679E00ABA00C /* NewsDetailViewController.swift in Sources */,
				45DB63372AFA836900ACF1AA /* NewsAppUITests.swift in Sources */,
				45DB63392AFA836900ACF1AA /* NewsAppUITestsLaunchTests.swift in Sources */,
				45DB634E2AFA994300ACF1AA /* NewsResponse.swift in Sources */,
			);
			runOnlyForDeploymentPostprocessing = 0;
		};
/* End PBXSourcesBuildPhase section */

/* Begin PBXTargetDependency section */
		45DB632A2AFA836900ACF1AA /* PBXTargetDependency */ = {
			isa = PBXTargetDependency;
			target = 45DB63112AFA836800ACF1AA /* NewsApp */;
			targetProxy = 45DB63292AFA836900ACF1AA /* PBXContainerItemProxy */;
		};
		45DB63342AFA836900ACF1AA /* PBXTargetDependency */ = {
			isa = PBXTargetDependency;
			target = 45DB63112AFA836800ACF1AA /* NewsApp */;
			targetProxy = 45DB63332AFA836900ACF1AA /* PBXContainerItemProxy */;
		};
/* End PBXTargetDependency section */

/* Begin PBXVariantGroup section */
		45DB631B2AFA836800ACF1AA /* Main.storyboard */ = {
			isa = PBXVariantGroup;
			children = (
				45DB631C2AFA836800ACF1AA /* Base */,
			);
			name = Main.storyboard;
			sourceTree = "<group>";
		};
		45DB63202AFA836900ACF1AA /* LaunchScreen.storyboard */ = {
			isa = PBXVariantGroup;
			children = (
				45DB63212AFA836900ACF1AA /* Base */,
			);
			name = LaunchScreen.storyboard;
			sourceTree = "<group>";
		};
/* End PBXVariantGroup section */

/* Begin XCBuildConfiguration section */
		45DB633A2AFA836900ACF1AA /* Debug */ = {
			isa = XCBuildConfiguration;
			buildSettings = {
				ALWAYS_SEARCH_USER_PATHS = NO;
				CLANG_ANALYZER_NONNULL = YES;
				CLANG_ANALYZER_NUMBER_OBJECT_CONVERSION = YES_AGGRESSIVE;
				CLANG_CXX_LANGUAGE_STANDARD = "gnu++17";
				CLANG_CXX_LIBRARY = "libc++";
				CLANG_ENABLE_MODULES = YES;
				CLANG_ENABLE_OBJC_ARC = YES;
				CLANG_ENABLE_OBJC_WEAK = YES;
				CLANG_WARN_BLOCK_CAPTURE_AUTORELEASING = YES;
				CLANG_WARN_BOOL_CONVERSION = YES;
				CLANG_WARN_COMMA = YES;
				CLANG_WARN_CONSTANT_CONVERSION = YES;
				CLANG_WARN_DEPRECATED_OBJC_IMPLEMENTATIONS = YES;
				CLANG_WARN_DIRECT_OBJC_ISA_USAGE = YES_ERROR;
				CLANG_WARN_DOCUMENTATION_COMMENTS = YES;
				CLANG_WARN_EMPTY_BODY = YES;
				CLANG_WARN_ENUM_CONVERSION = YES;
				CLANG_WARN_INFINITE_RECURSION = YES;
				CLANG_WARN_INT_CONVERSION = YES;
				CLANG_WARN_NON_LITERAL_NULL_CONVERSION = YES;
				CLANG_WARN_OBJC_IMPLICIT_RETAIN_SELF = YES;
				CLANG_WARN_OBJC_LITERAL_CONVERSION = YES;
				CLANG_WARN_OBJC_ROOT_CLASS = YES_ERROR;
				CLANG_WARN_QUOTED_INCLUDE_IN_FRAMEWORK_HEADER = YES;
				CLANG_WARN_RANGE_LOOP_ANALYSIS = YES;
				CLANG_WARN_STRICT_PROTOTYPES = YES;
				CLANG_WARN_SUSPICIOUS_MOVE = YES;
				CLANG_WARN_UNGUARDED_AVAILABILITY = YES_AGGRESSIVE;
				CLANG_WARN_UNREACHABLE_CODE = YES;
				CLANG_WARN__DUPLICATE_METHOD_MATCH = YES;
				COPY_PHASE_STRIP = NO;
				DEBUG_INFORMATION_FORMAT = dwarf;
				ENABLE_STRICT_OBJC_MSGSEND = YES;
				ENABLE_TESTABILITY = YES;
				GCC_C_LANGUAGE_STANDARD = gnu11;
				GCC_DYNAMIC_NO_PIC = NO;
				GCC_NO_COMMON_BLOCKS = YES;
				GCC_OPTIMIZATION_LEVEL = 0;
				GCC_PREPROCESSOR_DEFINITIONS = (
					"DEBUG=1",
					"$(inherited)",
				);
				GCC_WARN_64_TO_32_BIT_CONVERSION = YES;
				GCC_WARN_ABOUT_RETURN_TYPE = YES_ERROR;
				GCC_WARN_UNDECLARED_SELECTOR = YES;
				GCC_WARN_UNINITIALIZED_AUTOS = YES_AGGRESSIVE;
				GCC_WARN_UNUSED_FUNCTION = YES;
				GCC_WARN_UNUSED_VARIABLE = YES;
				IPHONEOS_DEPLOYMENT_TARGET = 15.2;
				MTL_ENABLE_DEBUG_INFO = INCLUDE_SOURCE;
				MTL_FAST_MATH = YES;
				ONLY_ACTIVE_ARCH = YES;
				SDKROOT = iphoneos;
				SWIFT_ACTIVE_COMPILATION_CONDITIONS = DEBUG;
				SWIFT_OPTIMIZATION_LEVEL = "-Onone";
			};
			name = Debug;
		};
		45DB633B2AFA836900ACF1AA /* Release */ = {
			isa = XCBuildConfiguration;
			buildSettings = {
				ALWAYS_SEARCH_USER_PATHS = NO;
				CLANG_ANALYZER_NONNULL = YES;
				CLANG_ANALYZER_NUMBER_OBJECT_CONVERSION = YES_AGGRESSIVE;
				CLANG_CXX_LANGUAGE_STANDARD = "gnu++17";
				CLANG_CXX_LIBRARY = "libc++";
				CLANG_ENABLE_MODULES = YES;
				CLANG_ENABLE_OBJC_ARC = YES;
				CLANG_ENABLE_OBJC_WEAK = YES;
				CLANG_WARN_BLOCK_CAPTURE_AUTORELEASING = YES;
				CLANG_WARN_BOOL_CONVERSION = YES;
				CLANG_WARN_COMMA = YES;
				CLANG_WARN_CONSTANT_CONVERSION = YES;
				CLANG_WARN_DEPRECATED_OBJC_IMPLEMENTATIONS = YES;
				CLANG_WARN_DIRECT_OBJC_ISA_USAGE = YES_ERROR;
				CLANG_WARN_DOCUMENTATION_COMMENTS = YES;
				CLANG_WARN_EMPTY_BODY = YES;
				CLANG_WARN_ENUM_CONVERSION = YES;
				CLANG_WARN_INFINITE_RECURSION = YES;
				CLANG_WARN_INT_CONVERSION = YES;
				CLANG_WARN_NON_LITERAL_NULL_CONVERSION = YES;
				CLANG_WARN_OBJC_IMPLICIT_RETAIN_SELF = YES;
				CLANG_WARN_OBJC_LITERAL_CONVERSION = YES;
				CLANG_WARN_OBJC_ROOT_CLASS = YES_ERROR;
				CLANG_WARN_QUOTED_INCLUDE_IN_FRAMEWORK_HEADER = YES;
				CLANG_WARN_RANGE_LOOP_ANALYSIS = YES;
				CLANG_WARN_STRICT_PROTOTYPES = YES;
				CLANG_WARN_SUSPICIOUS_MOVE = YES;
				CLANG_WARN_UNGUARDED_AVAILABILITY = YES_AGGRESSIVE;
				CLANG_WARN_UNREACHABLE_CODE = YES;
				CLANG_WARN__DUPLICATE_METHOD_MATCH = YES;
				COPY_PHASE_STRIP = NO;
				DEBUG_INFORMATION_FORMAT = "dwarf-with-dsym";
				ENABLE_NS_ASSERTIONS = NO;
				ENABLE_STRICT_OBJC_MSGSEND = YES;
				GCC_C_LANGUAGE_STANDARD = gnu11;
				GCC_NO_COMMON_BLOCKS = YES;
				GCC_WARN_64_TO_32_BIT_CONVERSION = YES;
				GCC_WARN_ABOUT_RETURN_TYPE = YES_ERROR;
				GCC_WARN_UNDECLARED_SELECTOR = YES;
				GCC_WARN_UNINITIALIZED_AUTOS = YES_AGGRESSIVE;
				GCC_WARN_UNUSED_FUNCTION = YES;
				GCC_WARN_UNUSED_VARIABLE = YES;
				IPHONEOS_DEPLOYMENT_TARGET = 15.2;
				MTL_ENABLE_DEBUG_INFO = NO;
				MTL_FAST_MATH = YES;
				SDKROOT = iphoneos;
				SWIFT_COMPILATION_MODE = wholemodule;
				SWIFT_OPTIMIZATION_LEVEL = "-O";
				VALIDATE_PRODUCT = YES;
			};
			name = Release;
		};
		45DB633D2AFA836900ACF1AA /* Debug */ = {
			isa = XCBuildConfiguration;
			buildSettings = {
				ASSETCATALOG_COMPILER_APPICON_NAME = AppIcon;
				ASSETCATALOG_COMPILER_GLOBAL_ACCENT_COLOR_NAME = AccentColor;
				CODE_SIGN_STYLE = Automatic;
				CURRENT_PROJECT_VERSION = 1;
				DEVELOPMENT_TEAM = 424W3J2WNA;
				GENERATE_INFOPLIST_FILE = YES;
				INFOPLIST_FILE = NewsApp/Common/Info.plist;
				INFOPLIST_KEY_UIApplicationSupportsIndirectInputEvents = YES;
				INFOPLIST_KEY_UILaunchStoryboardName = LaunchScreen;
				INFOPLIST_KEY_UIMainStoryboardFile = Main;
				INFOPLIST_KEY_UISupportedInterfaceOrientations_iPad = "UIInterfaceOrientationPortrait UIInterfaceOrientationPortraitUpsideDown UIInterfaceOrientationLandscapeLeft UIInterfaceOrientationLandscapeRight";
				INFOPLIST_KEY_UISupportedInterfaceOrientations_iPhone = "UIInterfaceOrientationPortrait UIInterfaceOrientationLandscapeLeft UIInterfaceOrientationLandscapeRight";
				LD_RUNPATH_SEARCH_PATHS = (
					"$(inherited)",
					"@executable_path/Frameworks",
				);
				MARKETING_VERSION = 1.0;
				PRODUCT_BUNDLE_IDENTIFIER = Nafie.NewsApp;
				PRODUCT_NAME = "$(TARGET_NAME)";
				SWIFT_EMIT_LOC_STRINGS = YES;
				SWIFT_VERSION = 5.0;
				TARGETED_DEVICE_FAMILY = "1,2";
			};
			name = Debug;
		};
		45DB633E2AFA836900ACF1AA /* Release */ = {
			isa = XCBuildConfiguration;
			buildSettings = {
				ASSETCATALOG_COMPILER_APPICON_NAME = AppIcon;
				ASSETCATALOG_COMPILER_GLOBAL_ACCENT_COLOR_NAME = AccentColor;
				CODE_SIGN_STYLE = Automatic;
				CURRENT_PROJECT_VERSION = 1;
				DEVELOPMENT_TEAM = 424W3J2WNA;
				GENERATE_INFOPLIST_FILE = YES;
				INFOPLIST_FILE = NewsApp/Common/Info.plist;
				INFOPLIST_KEY_UIApplicationSupportsIndirectInputEvents = YES;
				INFOPLIST_KEY_UILaunchStoryboardName = LaunchScreen;
				INFOPLIST_KEY_UIMainStoryboardFile = Main;
				INFOPLIST_KEY_UISupportedInterfaceOrientations_iPad = "UIInterfaceOrientationPortrait UIInterfaceOrientationPortraitUpsideDown UIInterfaceOrientationLandscapeLeft UIInterfaceOrientationLandscapeRight";
				INFOPLIST_KEY_UISupportedInterfaceOrientations_iPhone = "UIInterfaceOrientationPortrait UIInterfaceOrientationLandscapeLeft UIInterfaceOrientationLandscapeRight";
				LD_RUNPATH_SEARCH_PATHS = (
					"$(inherited)",
					"@executable_path/Frameworks",
				);
				MARKETING_VERSION = 1.0;
				PRODUCT_BUNDLE_IDENTIFIER = Nafie.NewsApp;
				PRODUCT_NAME = "$(TARGET_NAME)";
				SWIFT_EMIT_LOC_STRINGS = YES;
				SWIFT_VERSION = 5.0;
				TARGETED_DEVICE_FAMILY = "1,2";
			};
			name = Release;
		};
		45DB63402AFA836900ACF1AA /* Debug */ = {
			isa = XCBuildConfiguration;
			buildSettings = {
				ALWAYS_EMBED_SWIFT_STANDARD_LIBRARIES = YES;
				BUNDLE_LOADER = "$(TEST_HOST)";
				CODE_SIGN_STYLE = Automatic;
				CURRENT_PROJECT_VERSION = 1;
				DEVELOPMENT_TEAM = 424W3J2WNA;
				GENERATE_INFOPLIST_FILE = YES;
				IPHONEOS_DEPLOYMENT_TARGET = 15.2;
				MARKETING_VERSION = 1.0;
				PRODUCT_BUNDLE_IDENTIFIER = Nafie.NewsAppTests;
				PRODUCT_NAME = "$(TARGET_NAME)";
				SWIFT_EMIT_LOC_STRINGS = NO;
				SWIFT_VERSION = 5.0;
				TARGETED_DEVICE_FAMILY = "1,2";
				TEST_HOST = "$(BUILT_PRODUCTS_DIR)/NewsApp.app/NewsApp";
			};
			name = Debug;
		};
		45DB63412AFA836900ACF1AA /* Release */ = {
			isa = XCBuildConfiguration;
			buildSettings = {
				ALWAYS_EMBED_SWIFT_STANDARD_LIBRARIES = YES;
				BUNDLE_LOADER = "$(TEST_HOST)";
				CODE_SIGN_STYLE = Automatic;
				CURRENT_PROJECT_VERSION = 1;
				DEVELOPMENT_TEAM = 424W3J2WNA;
				GENERATE_INFOPLIST_FILE = YES;
				IPHONEOS_DEPLOYMENT_TARGET = 15.2;
				MARKETING_VERSION = 1.0;
				PRODUCT_BUNDLE_IDENTIFIER = Nafie.NewsAppTests;
				PRODUCT_NAME = "$(TARGET_NAME)";
				SWIFT_EMIT_LOC_STRINGS = NO;
				SWIFT_VERSION = 5.0;
				TARGETED_DEVICE_FAMILY = "1,2";
				TEST_HOST = "$(BUILT_PRODUCTS_DIR)/NewsApp.app/NewsApp";
			};
			name = Release;
		};
		45DB63432AFA836900ACF1AA /* Debug */ = {
			isa = XCBuildConfiguration;
			buildSettings = {
				ALWAYS_EMBED_SWIFT_STANDARD_LIBRARIES = YES;
				CODE_SIGN_STYLE = Automatic;
				CURRENT_PROJECT_VERSION = 1;
				DEVELOPMENT_TEAM = 424W3J2WNA;
				GENERATE_INFOPLIST_FILE = YES;
				MARKETING_VERSION = 1.0;
				PRODUCT_BUNDLE_IDENTIFIER = Nafie.NewsAppUITests;
				PRODUCT_NAME = "$(TARGET_NAME)";
				SWIFT_EMIT_LOC_STRINGS = NO;
				SWIFT_VERSION = 5.0;
				TARGETED_DEVICE_FAMILY = "1,2";
				TEST_TARGET_NAME = NewsApp;
			};
			name = Debug;
		};
		45DB63442AFA836900ACF1AA /* Release */ = {
			isa = XCBuildConfiguration;
			buildSettings = {
				ALWAYS_EMBED_SWIFT_STANDARD_LIBRARIES = YES;
				CODE_SIGN_STYLE = Automatic;
				CURRENT_PROJECT_VERSION = 1;
				DEVELOPMENT_TEAM = 424W3J2WNA;
				GENERATE_INFOPLIST_FILE = YES;
				MARKETING_VERSION = 1.0;
				PRODUCT_BUNDLE_IDENTIFIER = Nafie.NewsAppUITests;
				PRODUCT_NAME = "$(TARGET_NAME)";
				SWIFT_EMIT_LOC_STRINGS = NO;
				SWIFT_VERSION = 5.0;
				TARGETED_DEVICE_FAMILY = "1,2";
				TEST_TARGET_NAME = NewsApp;
			};
			name = Release;
		};
/* End XCBuildConfiguration section */

/* Begin XCConfigurationList section */
		45DB630D2AFA836700ACF1AA /* Build configuration list for PBXProject "NewsApp" */ = {
			isa = XCConfigurationList;
			buildConfigurations = (
				45DB633A2AFA836900ACF1AA /* Debug */,
				45DB633B2AFA836900ACF1AA /* Release */,
			);
			defaultConfigurationIsVisible = 0;
			defaultConfigurationName = Release;
		};
		45DB633C2AFA836900ACF1AA /* Build configuration list for PBXNativeTarget "NewsApp" */ = {
			isa = XCConfigurationList;
			buildConfigurations = (
				45DB633D2AFA836900ACF1AA /* Debug */,
				45DB633E2AFA836900ACF1AA /* Release */,
			);
			defaultConfigurationIsVisible = 0;
			defaultConfigurationName = Release;
		};
		45DB633F2AFA836900ACF1AA /* Build configuration list for PBXNativeTarget "NewsAppTests" */ = {
			isa = XCConfigurationList;
			buildConfigurations = (
				45DB63402AFA836900ACF1AA /* Debug */,
				45DB63412AFA836900ACF1AA /* Release */,
			);
			defaultConfigurationIsVisible = 0;
			defaultConfigurationName = Release;
		};
		45DB63422AFA836900ACF1AA /* Build configuration list for PBXNativeTarget "NewsAppUITests" */ = {
			isa = XCConfigurationList;
			buildConfigurations = (
				45DB63432AFA836900ACF1AA /* Debug */,
				45DB63442AFA836900ACF1AA /* Release */,
			);
			defaultConfigurationIsVisible = 0;
			defaultConfigurationName = Release;
		};
/* End XCConfigurationList section */

/* Begin XCRemoteSwiftPackageReference section */
		45CB43F82AFBC0F000ABA00C /* XCRemoteSwiftPackageReference "IQKeyboardManager" */ = {
			isa = XCRemoteSwiftPackageReference;
			repositoryURL = "https://github.com/hackiftekhar/IQKeyboardManager.git";
			requirement = {
				kind = exactVersion;
				version = 6.5.9;
			};
		};
/* End XCRemoteSwiftPackageReference section */

/* Begin XCSwiftPackageProductDependency section */
		45CB43F92AFBC0F000ABA00C /* IQKeyboardManagerSwift */ = {
			isa = XCSwiftPackageProductDependency;
			package = 45CB43F82AFBC0F000ABA00C /* XCRemoteSwiftPackageReference "IQKeyboardManager" */;
			productName = IQKeyboardManagerSwift;
		};
/* End XCSwiftPackageProductDependency section */

/* Begin XCVersionGroup section */
		456C4E6E2AFCCEE000C883B4 /* ArticleModel.xcdatamodeld */ = {
			isa = XCVersionGroup;
			children = (
				456C4E6F2AFCCEE000C883B4 /* ArticleModel.xcdatamodel */,
			);
			currentVersion = 456C4E6F2AFCCEE000C883B4 /* ArticleModel.xcdatamodel */;
			path = ArticleModel.xcdatamodeld;
			sourceTree = "<group>";
			versionGroupType = wrapper.xcdatamodel;
		};
/* End XCVersionGroup section */
	};
	rootObject = 45DB630A2AFA836700ACF1AA /* Project object */;
}
